# THIS IS AN AUTOGENERATED FILE. DO NOT EDIT THIS FILE DIRECTLY.
# yarn lockfile v1


"@abp/aspnetcore.mvc.ui.theme.leptonxlite@~4.3.7":
  version "4.3.7"
  resolved "https://registry.npmjs.org/@abp/aspnetcore.mvc.ui.theme.leptonxlite/-/aspnetcore.mvc.ui.theme.leptonxlite-4.3.7.tgz"
  integrity sha512-R6nhdZIohLAqDx1csUrtx2objNU1TNgmGo1qNSjSYF/dNls3wItMLya1+tKYTxym6Fn7ZIIqjIp0bJ28NMW1GA==
  dependencies:
    "@abp/aspnetcore.mvc.ui.theme.shared" "~9.3.7"

"@abp/aspnetcore.mvc.ui.theme.shared@~9.3.7":
  version "9.3.7"
  resolved "https://registry.npmjs.org/@abp/aspnetcore.mvc.ui.theme.shared/-/aspnetcore.mvc.ui.theme.shared-9.3.7.tgz"
  integrity sha512-iZMGGxuuV+ER4NKt1KTGOoauJliOYDUkdmhuFA/r1sFATSJjVfbaaTYFzZJMgZgA4N2kCGVDztGyOM5pL9I6qA==
  dependencies:
    "@abp/aspnetcore.mvc.ui" "~9.3.7"
    "@abp/bootstrap" "~9.3.7"
    "@abp/bootstrap-datepicker" "~9.3.7"
    "@abp/bootstrap-daterangepicker" "~9.3.7"
    "@abp/datatables.net-bs5" "~9.3.7"
    "@abp/font-awesome" "~9.3.7"
    "@abp/jquery-form" "~9.3.7"
    "@abp/jquery-validation-unobtrusive" "~9.3.7"
    "@abp/lodash" "~9.3.7"
    "@abp/luxon" "~9.3.7"
    "@abp/malihu-custom-scrollbar-plugin" "~9.3.7"
    "@abp/moment" "~9.3.7"
    "@abp/select2" "~9.3.7"
    "@abp/sweetalert2" "~9.3.7"
    "@abp/timeago" "~9.3.7"

"@abp/aspnetcore.mvc.ui@~9.3.7":
  version "9.3.7"
  resolved "https://registry.npmjs.org/@abp/aspnetcore.mvc.ui/-/aspnetcore.mvc.ui-9.3.7.tgz"
  integrity sha512-tALftOBJ9/2dSOi59knatyluHMy+bb+bf32ujR+AsVQro84GfbJlJ1CM9exx2OO5yUScQCeWw3V8jCboEW29/Q==
  dependencies:
    ansi-colors "^4.1.3"

"@abp/bootstrap-datepicker@~9.3.7":
  version "9.3.7"
  resolved "https://registry.npmjs.org/@abp/bootstrap-datepicker/-/bootstrap-datepicker-9.3.7.tgz"
  integrity sha512-cGnvbARBPKTsJZuTlrPVWFlVAffgcbuATwgMPVa3tcw+x8GYbxNXbvEp6bJnTNx3wXL7LXQ8t20f6prMEyDutg==
  dependencies:
    bootstrap-datepicker "^1.10.0"

"@abp/bootstrap-daterangepicker@~9.3.7":
  version "9.3.7"
  resolved "https://registry.npmjs.org/@abp/bootstrap-daterangepicker/-/bootstrap-daterangepicker-9.3.7.tgz"
  integrity sha512-G5OeXoJZrY4hbd8IxMTXWCcaPbUskJUkxL6wN2sYP+zF10hIZx+TWX1zRp6soj4JdqAYwSI259S+MdPGDZRozw==
  dependencies:
    bootstrap-daterangepicker "^3.1.0"

"@abp/bootstrap@~9.3.7":
  version "9.3.7"
  resolved "https://registry.npmjs.org/@abp/bootstrap/-/bootstrap-9.3.7.tgz"
  integrity sha512-4gj+0cCefMgOGoWUJSh5IsNJKBC+gH+os2b/c1wkU4jQgvK2IziKWK5SXRKYstzpCz1nvJnOYtcx7RgOLxI3jg==
  dependencies:
    "@abp/core" "~9.3.7"
    bootstrap "^5.3.3"

"@abp/core@~9.3.7":
  version "9.3.7"
  resolved "https://registry.npmjs.org/@abp/core/-/core-9.3.7.tgz"
  integrity sha512-2nVYVPAGB+LDEoWSkG/1JfW0uUy7Tjq1qrunkLZUY/w1AIrMBT644fD/LY4WZ0KuYS6pnncplwBxz1je925H1g==
  dependencies:
    "@abp/utils" "~9.3.7"

"@abp/datatables.net-bs5@~9.3.7":
  version "9.3.7"
  resolved "https://registry.npmjs.org/@abp/datatables.net-bs5/-/datatables.net-bs5-9.3.7.tgz"
  integrity sha512-cbo/blrqCgsBUdNfjH3tEj0kBXdmpBbFBnKQGdXU/Hf/w1zDvYGzd1IPHFhGDcW8/ySLsRZeQXZQh3eQJp3qhg==
  dependencies:
    "@abp/datatables.net" "~9.3.7"
    datatables.net-bs5 "^2.1.8"

"@abp/datatables.net@~9.3.7":
  version "9.3.7"
  resolved "https://registry.npmjs.org/@abp/datatables.net/-/datatables.net-9.3.7.tgz"
  integrity sha512-AooNDvdpA+o8MHS5EBKiM0UavtAjVgeymccQxZJAclph4NV2aU+IWNqkc+NSzuWgnPP8rbhetiWLVGZGZNFpoA==
  dependencies:
    "@abp/jquery" "~9.3.7"
    datatables.net "^2.1.8"

"@abp/font-awesome@~9.3.7":
  version "9.3.7"
  resolved "https://registry.npmjs.org/@abp/font-awesome/-/font-awesome-9.3.7.tgz"
  integrity sha512-EUZS7LiB99M8ztkaDs7AwOMDEsA6EAYN924JHbyoY4ntGzxDi1ghMFUoCimkxuZW/cAU1CPw+BzUVjmo8HUixw==
  dependencies:
    "@abp/core" "~9.3.7"
    "@fortawesome/fontawesome-free" "^6.6.0"

"@abp/jquery-form@~9.3.7":
  version "9.3.7"
  resolved "https://registry.npmjs.org/@abp/jquery-form/-/jquery-form-9.3.7.tgz"
  integrity sha512-6ID4bQZ6t1BblU/GMnPkqG5XRjcL+W+zCLAX2BxB5dLvLkVNA4d0PffiVznDcHNufXilfFKH9kuwWlUFU6c0cg==
  dependencies:
    "@abp/jquery" "~9.3.7"
    jquery-form "^4.3.0"

"@abp/jquery-validation-unobtrusive@~9.3.7":
  version "9.3.7"
  resolved "https://registry.npmjs.org/@abp/jquery-validation-unobtrusive/-/jquery-validation-unobtrusive-9.3.7.tgz"
  integrity sha512-MERN8I6Uc9AXni5PurCjAXOBL8lcw+ODDkZytQLEgj6e1GfcMzjFZaFVn7vt5zk7wCUPzYoODBEwu4/wZRLG3w==
  dependencies:
    "@abp/jquery-validation" "~9.3.7"
    jquery-validation-unobtrusive "^4.0.0"

"@abp/jquery-validation@~9.3.7":
  version "9.3.7"
  resolved "https://registry.npmjs.org/@abp/jquery-validation/-/jquery-validation-9.3.7.tgz"
  integrity sha512-zHp9pNzLZQ+X186Z7v69Ygya+QVo6pzJRED/Xfc4ghAfvX/IWuMz5aI+d3WgjqEYyKzdFaXKUm95RzV8G5plpg==
  dependencies:
    "@abp/jquery" "~9.3.7"
    jquery-validation "^1.21.0"

"@abp/jquery@~9.3.7":
  version "9.3.7"
  resolved "https://registry.npmjs.org/@abp/jquery/-/jquery-9.3.7.tgz"
  integrity sha512-xlkaov66TyjXgBbX8dl9abaXAZGZjgsmBjmVDXLzDlilOFtzvd3+M1ggaIcoEPYvrgnt7rcnYymf9GdqnV6YUg==
  dependencies:
    "@abp/core" "~9.3.7"
    jquery "~3.7.1"

"@abp/lodash@~9.3.7":
  version "9.3.7"
  resolved "https://registry.npmjs.org/@abp/lodash/-/lodash-9.3.7.tgz"
  integrity sha512-i6TX5V6RMiq9F8Xx7JKD8K9GBMmhgwuNjgQaoqRb70Upar7zE2ww8oG+GotHI/GZ7tWY9J2t7bhndpHVsOzbGQ==
  dependencies:
    "@abp/core" "~9.3.7"
    lodash "^4.17.21"

"@abp/luxon@~9.3.7":
  version "9.3.7"
  resolved "https://registry.npmjs.org/@abp/luxon/-/luxon-9.3.7.tgz"
  integrity sha512-yQXM+oujvRw+NYELWOEekrmAW+yW/QBcol6BVbz/t4KtacTTUJDBaSGlktUbbvDq1pTb50BPAXa6nVvNsqBW+g==
  dependencies:
    "@abp/core" "~9.3.7"
    luxon "^3.5.0"

"@abp/malihu-custom-scrollbar-plugin@~9.3.7":
  version "9.3.7"
  resolved "https://registry.npmjs.org/@abp/malihu-custom-scrollbar-plugin/-/malihu-custom-scrollbar-plugin-9.3.7.tgz"
  integrity sha512-EBKfzsCRJUsMsZc5/eMFHz3rjSIIneL8RKkeIpJB9IIh5mCFSS6rD3r4ZKg5pX3dWgXCIrpGE9T6WT2X9F4c1g==
  dependencies:
    "@abp/core" "~9.3.7"
    malihu-custom-scrollbar-plugin "^3.1.5"

"@abp/moment@~9.3.7":
  version "9.3.7"
  resolved "https://registry.npmjs.org/@abp/moment/-/moment-9.3.7.tgz"
  integrity sha512-zXFqglimWRrex7x5FdoNJi3uchdr7NTLwCUrtoAzwMBXrFYTYkgh/FOaAjO1O87TJ0CH4IoQ+r+1dn3fDUGudA==
  dependencies:
    moment "^2.30.1"

"@abp/select2@~9.3.7":
  version "9.3.7"
  resolved "https://registry.npmjs.org/@abp/select2/-/select2-9.3.7.tgz"
  integrity sha512-qSEB4M+POKS46UZy/d05Zpq/7Lb9+JvzufN0VM10LfnyxL3olnLc/FxVxbYODvPLOl9wfLbwLbKGujtyxXNKGw==
  dependencies:
    "@abp/core" "~9.3.7"
    select2 "^4.0.13"

"@abp/sweetalert2@~9.3.7":
  version "9.3.7"
  resolved "https://registry.npmjs.org/@abp/sweetalert2/-/sweetalert2-9.3.7.tgz"
  integrity sha512-yAkxutUZxN9bepjkmIkNYZ9DfvQYeVGUe5cx0HqHKZjS0PsN7mhLpQzr28PdiwGWb2HysuieALPHOSX6xgeE7w==
  dependencies:
    "@abp/core" "~9.3.7"
    sweetalert2 "^11.14.1"

"@abp/timeago@~9.3.7":
  version "9.3.7"
  resolved "https://registry.npmjs.org/@abp/timeago/-/timeago-9.3.7.tgz"
  integrity sha512-RoaYTs+yZaLW854LUeQhXOXZXQc+h+uyY8z42J0Po3jpRQDm6g74WE7mLuEsB31nHGPgfHkU3hkwysA5P8zMiw==
  dependencies:
    "@abp/jquery" "~9.3.7"
    timeago "^1.6.7"

"@abp/utils@~9.3.7":
  version "9.3.7"
  resolved "https://registry.npmjs.org/@abp/utils/-/utils-9.3.7.tgz"
  integrity sha512-uoWts5FayZuSNg3nfjIIHrSjrxLkWqNdM4ivhl1dYooA0qAWYhYJV1ebH62bXHND1tMav1QdIRcOz61DZbhl0Q==
  dependencies:
    just-compare "^2.3.0"

"@fortawesome/fontawesome-free@^6.6.0":
  version "6.7.2"
  resolved "https://registry.npmjs.org/@fortawesome/fontawesome-free/-/fontawesome-free-6.7.2.tgz"
  integrity sha512-JUOtgFW6k9u4Y+xeIaEiLr3+cjoUPiAuLXoyKOJSia6Duzb7pq+A76P9ZdPDoAoxHdHzq6gE9/jKBGXlZT8FbA==

"@popperjs/core@^2.11.8":
  version "2.11.8"
  resolved "https://registry.npmjs.org/@popperjs/core/-/core-2.11.8.tgz"
  integrity sha512-P1st0aksCrn9sGZhp8GMYwBnQsbvAWsZAX44oXNNvLHGqAOcoVxmjZiohstwQ7SqKnbR47akdNi+uleWD8+g6A==

ansi-colors@^4.1.3:
  version "4.1.3"
  resolved "https://registry.npmjs.org/ansi-colors/-/ansi-colors-4.1.3.tgz"
  integrity sha512-/6w/C21Pm1A7aZitlI5Ni/2J6FFQN8i1Cvz3kHABAAbw93v/NlvKdVOqz7CCWz/3iv/JplRSEEZ83XION15ovw==

bootstrap-datepicker@^1.10.0:
  version "1.10.1"
  resolved "https://registry.npmjs.org/bootstrap-datepicker/-/bootstrap-datepicker-1.10.1.tgz"
  integrity sha512-GIe+fsLp9Hi30oW7L2v2Q9/a4+aojrIA2p4ZagtLuKw2lpfQgjJjM0L6vl/lYQydGXWUbpoKbEC/O5tzWIkEKQ==
  dependencies:
    jquery ">=3.4.0 <4.0.0"

bootstrap-daterangepicker@^3.1.0:
  version "3.1.0"
  resolved "https://registry.npmjs.org/bootstrap-daterangepicker/-/bootstrap-daterangepicker-3.1.0.tgz"
  integrity sha512-oaQZx6ZBDo/dZNyXGVi2rx5GmFXThyQLAxdtIqjtLlYVaQUfQALl5JZMJJZzyDIX7blfy4ppZPAJ10g8Ma4d/g==
  dependencies:
    jquery ">=1.10"
    moment "^2.9.0"

bootstrap@^5.3.3:
  version "5.3.8"
  resolved "https://registry.npmjs.org/bootstrap/-/bootstrap-5.3.8.tgz"
  integrity sha512-HP1SZDqaLDPwsNiqRqi5NcP0SSXciX2s9E+RyqJIIqGo+vJeN5AJVM98CXmW/Wux0nQ5L7jeWUdplCEf0Ee+tg==

datatables.net-bs5@^2.1.8:
  version "2.3.7"
  resolved "https://registry.npmjs.org/datatables.net-bs5/-/datatables.net-bs5-2.3.7.tgz"
  integrity sha512-RiCEMpMXDBeMDwjSrMpmcXDU6mibRMuOn7Wk7k3SlOfLEY3FQHO7S2m+K7teXYeaNlCLyjJMU+6BUUwlBCpLFw==
  dependencies:
    datatables.net "2.3.7"
    jquery ">=1.7"

datatables.net@^2.1.8, datatables.net@2.3.7:
  version "2.3.7"
  resolved "https://registry.npmjs.org/datatables.net/-/datatables.net-2.3.7.tgz"
  integrity sha512-AvsjG/Nkp6OxeyBKYZauemuzQCPogE1kOtKwG4sYjvdqGCSLiGaJagQwXv4YxG+ts5vaJr6qKGG9ec3g6vTo3w==
  dependencies:
    jquery ">=1.7"

jquery-form@^4.3.0:
  version "4.3.0"
  resolved "https://registry.npmjs.org/jquery-form/-/jquery-form-4.3.0.tgz"
  integrity sha512-q3uaVCEWdLOYUCI6dpNdwf/7cJFOsUgdpq6r0taxtGQ5NJSkOzofyWm4jpOuJ5YxdmL1FI5QR+q+HB63HHLGnQ==
  dependencies:
    jquery ">=1.7.2"

jquery-mousewheel@>=3.0.6:
  version "3.2.2"
  resolved "https://registry.npmjs.org/jquery-mousewheel/-/jquery-mousewheel-3.2.2.tgz"
  integrity sha512-JP71xTAg08ZY3hcs9ZbYUZ5i+dkSsz4yRl/zpWkAmtzc+kMs5EfPkpkINSidiLYMaR0MTo3DfFGF9WIezMsFQQ==
  dependencies:
    jquery ">=1.2.6"

jquery-validation-unobtrusive@^4.0.0:
  version "4.0.0"
  resolved "https://registry.npmjs.org/jquery-validation-unobtrusive/-/jquery-validation-unobtrusive-4.0.0.tgz"
  integrity sha512-1ervYFFv6LX/rp7ktuLnMakHNG0piNRDyROI8Ir3hL1vPIwylAehB1AY3BPrYJnzW3WmwWryZq+Bz4sazZK9iQ==
  dependencies:
    jquery "^3.6.0"
    jquery-validation ">=1.19"

jquery-validation@^1.21.0, jquery-validation@>=1.19:
  version "1.22.1"
  resolved "https://registry.npmjs.org/jquery-validation/-/jquery-validation-1.22.1.tgz"
  integrity sha512-ePLXLWK7Rh5eR652YsuIu7YPeGlCXrsJUteVw5iZopiU17yaMd3FaDggs6yyNMl56p8TYVeDRmKGK3fPZrMeQw==

"jquery@^1.7 || ^2.0 || ^3.1 || ^4.0", jquery@^3.6.0, jquery@>=1.10, jquery@>=1.2.6, "jquery@>=1.5.0 <4.0", jquery@>=1.7, jquery@>=1.7.2, "jquery@>=3.4.0 <4.0.0", jquery@~3.7.1:
  version "3.7.1"
  resolved "https://registry.npmjs.org/jquery/-/jquery-3.7.1.tgz"
  integrity sha512-m4avr8yL8kmFN8psrbFFFmB/If14iN5o9nw/NgnnM+kybDJpRsAynV2BsfpTYrTRysYUdADVD7CkUUizgkpLfg==

just-compare@^2.3.0:
  version "2.3.0"
  resolved "https://registry.npmjs.org/just-compare/-/just-compare-2.3.0.tgz"
  integrity sha512-6shoR7HDT+fzfL3gBahx1jZG3hWLrhPAf+l7nCwahDdT9XDtosB9kIF0ZrzUp5QY8dJWfQVr5rnsPqsbvflDzg==

lodash@^4.17.21:
  version "4.18.1"
  resolved "https://registry.npmjs.org/lodash/-/lodash-4.18.1.tgz"
  integrity sha512-dMInicTPVE8d1e5otfwmmjlxkZoUpiVLwyeTdUsi/Caj/gfzzblBcCE5sRHV/AsjuCmxWrte2TNGSYuCeCq+0Q==

luxon@^3.5.0:
  version "3.7.2"
  resolved "https://registry.npmjs.org/luxon/-/luxon-3.7.2.tgz"
  integrity sha512-vtEhXh/gNjI9Yg1u4jX/0YVPMvxzHuGgCm6tC5kZyb08yjGWGnqAjGJvcXbqQR2P3MyMEFnRbpcdFS6PBcLqew==

malihu-custom-scrollbar-plugin@^3.1.5:
  version "3.1.5"
  resolved "https://registry.npmjs.org/malihu-custom-scrollbar-plugin/-/malihu-custom-scrollbar-plugin-3.1.5.tgz"
  integrity sha512-lwW3LgI+CNDMPnP4ED2la6oYxWMkCXlnhex+s2wuOLhFDFGnGmQuTQVdRK9bvDLpxs10sGlfErVufJy9ztfgJQ==
  dependencies:
    jquery-mousewheel ">=3.0.6"

moment@^2.30.1, moment@^2.9.0:
  version "2.30.1"
  resolved "https://registry.npmjs.org/moment/-/moment-2.30.1.tgz"
  integrity sha512-uEmtNhbDOrWPFS+hdjFCBfy9f2YoyzRpwcl+DqpC6taX21FzsTLQVbMV/W7PzNSX6x/bhC1zA3c2UQ5NzH6how==

select2@^4.0.13:
  version "4.0.13"
  resolved "https://registry.npmjs.org/select2/-/select2-4.0.13.tgz"
  integrity sha512-1JeB87s6oN/TDxQQYCvS5EFoQyvV6eYMZZ0AeA4tdFDYWN3BAGZ8npr17UBFddU0lgAt3H0yjX3X6/ekOj1yjw==

sweetalert2@^11.14.1:
  version "11.26.24"
  resolved "https://registry.npmjs.org/sweetalert2/-/sweetalert2-11.26.24.tgz"
  integrity sha512-SLgukW4wicewpW5VOukSXY5Z6DL/z7HCOK2ODSjmQPiSphCN8gJAmh9npoceXOtBRNoDN0xIz+zHYthtfiHmjg==

timeago@^1.6.7:
  version "1.6.7"
  resolved "https://registry.npmjs.org/timeago/-/timeago-1.6.7.tgz"
  integrity sha512-FikcjN98+ij0siKH4VO4dZ358PR3oDDq4Vdl1+sN9gWz1/+JXGr3uZbUShYH/hL7bMhcTpPbplJU5Tej4b4jbQ==
  dependencies:
    jquery ">=1.5.0 <4.0"
